
Microsoft Visual Studio Solution File, Format Version 12.00
# Visual Studio Version 17
VisualStudioVersion = 17.0.31903.59
MinimumVisualStudioVersion = 10.0.40219.1
Project("{2150E333-8FDC-42A3-9474-1A3956D46DE8}") = "src", "src", "{827E0CD3-B72D-47B6-A68D-7590B98EB39B}"
EndProject
Project("{2150E333-8FDC-42A3-9474-1A3956D46DE8}") = "BuildingBlock", "BuildingBlock", "{8F188A11-10B3-01AA-2919-022DB345ECA2}"
EndProject
Project("{FAE04EC0-301F-11D3-BF4B-00C04F79EFBC}") = "BuildingBlock.Domain", "src\BuildingBlock\BuildingBlock.Domain\BuildingBlock.Domain.csproj", "{EBA659F0-7630-465E-BB7D-8A11CD189455}"
EndProject
Project("{FAE04EC0-301F-11D3-BF4B-00C04F79EFBC}") = "BuildingBlock.Application", "src\BuildingBlock\BuildingBlock.Application\BuildingBlock.Application.csproj", "{0EEACE25-08D4-4D5A-A2A0-3A0056ECC8A1}"
EndProject
Project("{FAE04EC0-301F-11D3-BF4B-00C04F79EFBC}") = "BuildingBlock.Infrastructure", "src\BuildingBlock\BuildingBlock.Infrastructure\BuildingBlock.Infrastructure.csproj", "{22A636C0-0B47-4360-8AF6-03AF7912110C}"
EndProject
Project("{FAE04EC0-301F-11D3-BF4B-00C04F79EFBC}") = "BuildingBlock.Infrastructure.EntityFrameworkCore.SqlServer", "src\BuildingBlock\BuildingBlock.Infrastructure.EntityFrameworkCore.SqlServer\BuildingBlock.Infrastructure.EntityFrameworkCore.SqlServer.csproj", "{7E66D31C-61FA-4D4C-8D67-19ACDF210EFC}"
EndProject
Project("{FAE04EC0-301F-11D3-BF4B-00C04F79EFBC}") = "BuildingBlock.Api", "src\BuildingBlock\BuildingBlock.Api\BuildingBlock.Api.csproj", "{F7E8D185-B49B-4E86-B46B-CA63F7C39BE6}"
EndProject
Project("{2150E333-8FDC-42A3-9474-1A3956D46DE8}") = "Wasla", "Wasla", "{9793C7AB-E335-538C-3E0F-6DA383F34C81}"
EndProject
Project("{FAE04EC0-301F-11D3-BF4B-00C04F79EFBC}") = "Wasla.Domain", "src\Wasla\Wasla.Domain\Wasla.Domain.csproj", "{BA5B9C10-1E98-47B6-82F6-7A7655CC2528}"
EndProject
Project("{FAE04EC0-301F-11D3-BF4B-00C04F79EFBC}") = "Wasla.Application", "src\Wasla\Wasla.Application\Wasla.Application.csproj", "{31A21AB5-6AFE-46F7-AA63-4BDF9BD60D7B}"
EndProject
Project("{FAE04EC0-301F-11D3-BF4B-00C04F79EFBC}") = "Wasla.Infrastructure", "src\Wasla\Wasla.Infrastructure\Wasla.Infrastructure.csproj", "{E0BA00BC-29D1-45A0-9C3E-98BBB46E4F54}"
EndProject
Project("{FAE04EC0-301F-11D3-BF4B-00C04F79EFBC}") = "Wasla.Infrastructure.EntityFrameworkCore.SqlServer", "src\Wasla\Wasla.Infrastructure.EntityFrameworkCore.SqlServer\Wasla.Infrastructure.EntityFrameworkCore.SqlServer.csproj", "{2930E43E-FBCE-47BC-BB6A-84A8FB688470}"
EndProject
Project("{FAE04EC0-301F-11D3-BF4B-00C04F79EFBC}") = "Wasla.Api", "src\Wasla\Wasla.Api\Wasla.Api.csproj", "{609FF8C4-A45B-4E46-AA48-671BCAE24D46}"
EndProject
Project("{2150E333-8FDC-42A3-9474-1A3956D46DE8}") = "tests", "tests", "{0AB3BF05-4346-4AA6-1389-037BE0695223}"
EndProject
Project("{FAE04EC0-301F-11D3-BF4B-00C04F79EFBC}") = "Wasla.Tests.Unit", "tests\Wasla.Tests.Unit\Wasla.Tests.Unit.csproj", "{494F9F67-7C49-4386-8CAC-C59F00BC56DD}"
EndProject
Project("{FAE04EC0-301F-11D3-BF4B-00C04F79EFBC}") = "Wasla.Tests.Integration", "tests\Wasla.Tests.Integration\Wasla.Tests.Integration.csproj", "{38997100-3ABE-484E-8451-3A7C8A1A5EDF}"
EndProject
Project("{FAE04EC0-301F-11D3-BF4B-00C04F79EFBC}") = "Wasla.Tests.Architecture", "tests\Wasla.Tests.Architecture\Wasla.Tests.Architecture.csproj", "{C6F6C052-0039-4C78-92C0-1F85BBAD939A}"
EndProject
Global
	GlobalSection(SolutionConfigurationPlatforms) = preSolution
		Debug|Any CPU = Debug|Any CPU
		Debug|x64 = Debug|x64
		Debug|x86 = Debug|x86
		Release|Any CPU = Release|Any CPU
		Release|x64 = Release|x64
		Release|x86 = Release|x86
	EndGlobalSection
	GlobalSection(ProjectConfigurationPlatforms) = postSolution
		{EBA659F0-7630-465E-BB7D-8A11CD189455}.Debug|Any CPU.ActiveCfg = Debug|Any CPU
		{EBA659F0-7630-465E-BB7D-8A11CD189455}.Debug|Any CPU.Build.0 = Debug|Any CPU
		{EBA659F0-7630-465E-BB7D-8A11CD189455}.Debug|x64.ActiveCfg = Debug|Any CPU
		{EBA659F0-7630-465E-BB7D-8A11CD189455}.Debug|x64.Build.0 = Debug|Any CPU
		{EBA659F0-7630-465E-BB7D-8A11CD189455}.Debug|x86.ActiveCfg = Debug|Any CPU
		{EBA659F0-7630-465E-BB7D-8A11CD189455}.Debug|x86.Build.0 = Debug|Any CPU
		{EBA659F0-7630-465E-BB7D-8A11CD189455}.Release|Any CPU.ActiveCfg = Release|Any CPU
		{EBA659F0-7630-465E-BB7D-8A11CD189455}.Release|Any CPU.Build.0 = Release|Any CPU
		{EBA659F0-7630-465E-BB7D-8A11CD189455}.Release|x64.ActiveCfg = Release|Any CPU
		{EBA659F0-7630-465E-BB7D-8A11CD189455}.Release|x64.Build.0 = Release|Any CPU
		{EBA659F0-7630-465E-BB7D-8A11CD189455}.Release|x86.ActiveCfg = Release|Any CPU
		{EBA659F0-7630-465E-BB7D-8A11CD189455}.Release|x86.Build.0 = Release|Any CPU
		{0EEACE25-08D4-4D5A-A2A0-3A0056ECC8A1}.Debug|Any CPU.ActiveCfg = Debug|Any CPU
		{0EEACE25-08D4-4D5A-A2A0-3A0056ECC8A1}.Debug|Any CPU.Build.0 = Debug|Any CPU
		{0EEACE25-08D4-4D5A-A2A0-3A0056ECC8A1}.Debug|x64.ActiveCfg = Debug|Any CPU
		{0EEACE25-08D4-4D5A-A2A0-3A0056ECC8A1}.Debug|x64.Build.0 = Debug|Any CPU
		{0EEACE25-08D4-4D5A-A2A0-3A0056ECC8A1}.Debug|x86.ActiveCfg = Debug|Any CPU
		{0EEACE25-08D4-4D5A-A2A0-3A0056ECC8A1}.Debug|x86.Build.0 = Debug|Any CPU
		{0EEACE25-08D4-4D5A-A2A0-3A0056ECC8A1}.Release|Any CPU.ActiveCfg = Release|Any CPU
		{0EEACE25-08D4-4D5A-A2A0-3A0056ECC8A1}.Release|Any CPU.Build.0 = Release|Any CPU
		{0EEACE25-08D4-4D5A-A2A0-3A0056ECC8A1}.Release|x64.ActiveCfg = Release|Any CPU
		{0EEACE25-08D4-4D5A-A2A0-3A0056ECC8A1}.Release|x64.Build.0 = Release|Any CPU
		{0EEACE25-08D4-4D5A-A2A0-3A0056ECC8A1}.Release|x86.ActiveCfg = Release|Any CPU
		{0EEACE25-08D4-4D5A-A2A0-3A0056ECC8A1}.Release|x86.Build.0 = Release|Any CPU
		{22A636C0-0B47-4360-8AF6-03AF7912110C}.Debug|Any CPU.ActiveCfg = Debug|Any CPU
		{22A636C0-0B47-4360-8AF6-03AF7912110C}.Debug|Any CPU.Build.0 = Debug|Any CPU
		{22A636C0-0B47-4360-8AF6-03AF7912110C}.Debug|x64.ActiveCfg = Debug|Any CPU
		{22A636C0-0B47-4360-8AF6-03AF7912110C}.Debug|x64.Build.0 = Debug|Any CPU
		{22A636C0-0B47-4360-8AF6-03AF7912110C}.Debug|x86.ActiveCfg = Debug|Any CPU
		{22A636C0-0B47-4360-8AF6-03AF7912110C}.Debug|x86.Build.0 = Debug|Any CPU
		{22A636C0-0B47-4360-8AF6-03AF7912110C}.Release|Any CPU.ActiveCfg = Release|Any CPU
		{22A636C0-0B47-4360-8AF6-03AF7912110C}.Release|Any CPU.Build.0 = Release|Any CPU
		{22A636C0-0B47-4360-8AF6-03AF7912110C}.Release|x64.ActiveCfg = Release|Any CPU
		{22A636C0-0B47-4360-8AF6-03AF7912110C}.Release|x64.Build.0 = Release|Any CPU
		{22A636C0-0B47-4360-8AF6-03AF7912110C}.Release|x86.ActiveCfg = Release|Any CPU
		{22A636C0-0B47-4360-8AF6-03AF7912110C}.Release|x86.Build.0 = Release|Any CPU
		{7E66D31C-61FA-4D4C-8D67-19ACDF210EFC}.Debug|Any CPU.ActiveCfg = Debug|Any CPU
		{7E66D31C-61FA-4D4C-8D67-19ACDF210EFC}.Debug|Any CPU.Build.0 = Debug|Any CPU
		{7E66D31C-61FA-4D4C-8D67-19ACDF210EFC}.Debug|x64.ActiveCfg = Debug|Any CPU
		{7E66D31C-61FA-4D4C-8D67-19ACDF210EFC}.Debug|x64.Build.0 = Debug|Any CPU
		{7E66D31C-61FA-4D4C-8D67-19ACDF210EFC}.Debug|x86.ActiveCfg = Debug|Any CPU
		{7E66D31C-61FA-4D4C-8D67-19ACDF210EFC}.Debug|x86.Build.0 = Debug|Any CPU
		{7E66D31C-61FA-4D4C-8D67-19ACDF210EFC}.Release|Any CPU.ActiveCfg = Release|Any CPU
		{7E66D31C-61FA-4D4C-8D67-19ACDF210EFC}.Release|Any CPU.Build.0 = Release|Any CPU
		{7E66D31C-61FA-4D4C-8D67-19ACDF210EFC}.Release|x64.ActiveCfg = Release|Any CPU
		{7E66D31C-61FA-4D4C-8D67-19ACDF210EFC}.Release|x64.Build.0 = Release|Any CPU
		{7E66D31C-61FA-4D4C-8D67-19ACDF210EFC}.Release|x86.ActiveCfg = Release|Any CPU
		{7E66D31C-61FA-4D4C-8D67-19ACDF210EFC}.Release|x86.Build.0 = Release|Any CPU
		{F7E8D185-B49B-4E86-B46B-CA63F7C39BE6}.Debug|Any CPU.ActiveCfg = Debug|Any CPU
		{F7E8D185-B49B-4E86-B46B-CA63F7C39BE6}.Debug|Any CPU.Build.0 = Debug|Any CPU
		{F7E8D185-B49B-4E86-B46B-CA63F7C39BE6}.Debug|x64.ActiveCfg = Debug|Any CPU
		{F7E8D185-B49B-4E86-B46B-CA63F7C39BE6}.Debug|x64.Build.0 = Debug|Any CPU
		{F7E8D185-B49B-4E86-B46B-CA63F7C39BE6}.Debug|x86.ActiveCfg = Debug|Any CPU
		{F7E8D185-B49B-4E86-B46B-CA63F7C39BE6}.Debug|x86.Build.0 = Debug|Any CPU
		{F7E8D185-B49B-4E86-B46B-CA63F7C39BE6}.Release|Any CPU.ActiveCfg = Release|Any CPU
		{F7E8D185-B49B-4E86-B46B-CA63F7C39BE6}.Release|Any CPU.Build.0 = Release|Any CPU
		{F7E8D185-B49B-4E86-B46B-CA63F7C39BE6}.Release|x64.ActiveCfg = Release|Any CPU
		{F7E8D185-B49B-4E86-B46B-CA63F7C39BE6}.Release|x64.Build.0 = Release|Any CPU
		{F7E8D185-B49B-4E86-B46B-CA63F7C39BE6}.Release|x86.ActiveCfg = Release|Any CPU
		{F7E8D185-B49B-4E86-B46B-CA63F7C39BE6}.Release|x86.Build.0 = Release|Any CPU
		{BA5B9C10-1E98-47B6-82F6-7A7655CC2528}.Debug|Any CPU.ActiveCfg = Debug|Any CPU
		{BA5B9C10-1E98-47B6-82F6-7A7655CC2528}.Debug|Any CPU.Build.0 = Debug|Any CPU
		{BA5B9C10-1E98-47B6-82F6-7A7655CC2528}.Debug|x64.ActiveCfg = Debug|Any CPU
		{BA5B9C10-1E98-47B6-82F6-7A7655CC2528}.Debug|x64.Build.0 = Debug|Any CPU
		{BA5B9C10-1E98-47B6-82F6-7A7655CC2528}.Debug|x86.ActiveCfg = Debug|Any CPU
		{BA5B9C10-1E98-47B6-82F6-7A7655CC2528}.Debug|x86.Build.0 = Debug|Any CPU
		{BA5B9C10-1E98-47B6-82F6-7A7655CC2528}.Release|Any CPU.ActiveCfg = Release|Any CPU
		{BA5B9C10-1E98-47B6-82F6-7A7655CC2528}.Release|Any CPU.Build.0 = Release|Any CPU
		{BA5B9C10-1E98-47B6-82F6-7A7655CC2528}.Release|x64.ActiveCfg = Release|Any CPU
		{BA5B9C10-1E98-47B6-82F6-7A7655CC2528}.Release|x64.Build.0 = Release|Any CPU
		{BA5B9C10-1E98-47B6-82F6-7A7655CC2528}.Release|x86.ActiveCfg = Release|Any CPU
		{BA5B9C10-1E98-47B6-82F6-7A7655CC2528}.Release|x86.Build.0 = Release|Any CPU
		{31A21AB5-6AFE-46F7-AA63-4BDF9BD60D7B}.Debug|Any CPU.ActiveCfg = Debug|Any CPU
		{31A21AB5-6AFE-46F7-AA63-4BDF9BD60D7B}.Debug|Any CPU.Build.0 = Debug|Any CPU
		{31A21AB5-6AFE-46F7-AA63-4BDF9BD60D7B}.Debug|x64.ActiveCfg = Debug|Any CPU
		{31A21AB5-6AFE-46F7-AA63-4BDF9BD60D7B}.Debug|x64.Build.0 = Debug|Any CPU
		{31A21AB5-6AFE-46F7-AA63-4BDF9BD60D7B}.Debug|x86.ActiveCfg = Debug|Any CPU
		{31A21AB5-6AFE-46F7-AA63-4BDF9BD60D7B}.Debug|x86.Build.0 = Debug|Any CPU
		{31A21AB5-6AFE-46F7-AA63-4BDF9BD60D7B}.Release|Any CPU.ActiveCfg = Release|Any CPU
		{31A21AB5-6AFE-46F7-AA63-4BDF9BD60D7B}.Release|Any CPU.Build.0 = Release|Any CPU
		{31A21AB5-6AFE-46F7-AA63-4BDF9BD60D7B}.Release|x64.ActiveCfg = Release|Any CPU
		{31A21AB5-6AFE-46F7-AA63-4BDF9BD60D7B}.Release|x64.Build.0 = Release|Any CPU
		{31A21AB5-6AFE-46F7-AA63-4BDF9BD60D7B}.Release|x86.ActiveCfg = Release|Any CPU
		{31A21AB5-6AFE-46F7-AA63-4BDF9BD60D7B}.Release|x86.Build.0 = Release|Any CPU
		{E0BA00BC-29D1-45A0-9C3E-98BBB46E4F54}.Debug|Any CPU.ActiveCfg = Debug|Any CPU
		{E0BA00BC-29D1-45A0-9C3E-98BBB46E4F54}.Debug|Any CPU.Build.0 = Debug|Any CPU
		{E0BA00BC-29D1-45A0-9C3E-98BBB46E4F54}.Debug|x64.ActiveCfg = Debug|Any CPU
		{E0BA00BC-29D1-45A0-9C3E-98BBB46E4F54}.Debug|x64.Build.0 = Debug|Any CPU
		{E0BA00BC-29D1-45A0-9C3E-98BBB46E4F54}.Debug|x86.ActiveCfg = Debug|Any CPU
		{E0BA00BC-29D1-45A0-9C3E-98BBB46E4F54}.Debug|x86.Build.0 = Debug|Any CPU
		{E0BA00BC-29D1-45A0-9C3E-98BBB46E4F54}.Release|Any CPU.ActiveCfg = Release|Any CPU
		{E0BA00BC-29D1-45A0-9C3E-98BBB46E4F54}.Release|Any CPU.Build.0 = Release|Any CPU
		{E0BA00BC-29D1-45A0-9C3E-98BBB46E4F54}.Release|x64.ActiveCfg = Release|Any CPU
		{E0BA00BC-29D1-45A0-9C3E-98BBB46E4F54}.Release|x64.Build.0 = Release|Any CPU
		{E0BA00BC-29D1-45A0-9C3E-98BBB46E4F54}.Release|x86.ActiveCfg = Release|Any CPU
		{E0BA00BC-29D1-45A0-9C3E-98BBB46E4F54}.Release|x86.Build.0 = Release|Any CPU
		{2930E43E-FBCE-47BC-BB6A-84A8FB688470}.Debug|Any CPU.ActiveCfg = Debug|Any CPU
		{2930E43E-FBCE-47BC-BB6A-84A8FB688470}.Debug|Any CPU.Build.0 = Debug|Any CPU
		{2930E43E-FBCE-47BC-BB6A-84A8FB688470}.Debug|x64.ActiveCfg = Debug|Any CPU
		{2930E43E-FBCE-47BC-BB6A-84A8FB688470}.Debug|x64.Build.0 = Debug|Any CPU
		{2930E43E-FBCE-47BC-BB6A-84A8FB688470}.Debug|x86.ActiveCfg = Debug|Any CPU
		{2930E43E-FBCE-47BC-BB6A-84A8FB688470}.Debug|x86.Build.0 = Debug|Any CPU
		{2930E43E-FBCE-47BC-BB6A-84A8FB688470}.Release|Any CPU.ActiveCfg = Release|Any CPU
		{2930E43E-FBCE-47BC-BB6A-84A8FB688470}.Release|Any CPU.Build.0 = Release|Any CPU
		{2930E43E-FBCE-47BC-BB6A-84A8FB688470}.Release|x64.ActiveCfg = Release|Any CPU
		{2930E43E-FBCE-47BC-BB6A-84A8FB688470}.Release|x64.Build.0 = Release|Any CPU
		{2930E43E-FBCE-47BC-BB6A-84A8FB688470}.Release|x86.ActiveCfg = Release|Any CPU
		{2930E43E-FBCE-47BC-BB6A-84A8FB688470}.Release|x86.Build.0 = Release|Any CPU
		{609FF8C4-A45B-4E46-AA48-671BCAE24D46}.Debug|Any CPU.ActiveCfg = Debug|Any CPU
		{609FF8C4-A45B-4E46-AA48-671BCAE24D46}.Debug|Any CPU.Build.0 = Debug|Any CPU
		{609FF8C4-A45B-4E46-AA48-671BCAE24D46}.Debug|x64.ActiveCfg = Debug|Any CPU
		{609FF8C4-A45B-4E46-AA48-671BCAE24D46}.Debug|x64.Build.0 = Debug|Any CPU
		{609FF8C4-A45B-4E46-AA48-671BCAE24D46}.Debug|x86.ActiveCfg = Debug|Any CPU
		{609FF8C4-A45B-4E46-AA48-671BCAE24D46}.Debug|x86.Build.0 = Debug|Any CPU
		{609FF8C4-A45B-4E46-AA48-671BCAE24D46}.Release|Any CPU.ActiveCfg = Release|Any CPU
		{609FF8C4-A45B-4E46-AA48-671BCAE24D46}.Release|Any CPU.Build.0 = Release|Any CPU
		{609FF8C4-A45B-4E46-AA48-671BCAE24D46}.Release|x64.ActiveCfg = Release|Any CPU
		{609FF8C4-A45B-4E46-AA48-671BCAE24D46}.Release|x64.Build.0 = Release|Any CPU
		{609FF8C4-A45B-4E46-AA48-671BCAE24D46}.Release|x86.ActiveCfg = Release|Any CPU
		{609FF8C4-A45B-4E46-AA48-671BCAE24D46}.Release|x86.Build.0 = Release|Any CPU
		{494F9F67-7C49-4386-8CAC-C59F00BC56DD}.Debug|Any CPU.ActiveCfg = Debug|Any CPU
		{494F9F67-7C49-4386-8CAC-C59F00BC56DD}.Debug|Any CPU.Build.0 = Debug|Any CPU
		{494F9F67-7C49-4386-8CAC-C59F00BC56DD}.Debug|x64.ActiveCfg = Debug|Any CPU
		{494F9F67-7C49-4386-8CAC-C59F00BC56DD}.Debug|x64.Build.0 = Debug|Any CPU
		{494F9F67-7C49-4386-8CAC-C59F00BC56DD}.Debug|x86.ActiveCfg = Debug|Any CPU
		{494F9F67-7C49-4386-8CAC-C59F00BC56DD}.Debug|x86.Build.0 = Debug|Any CPU
		{494F9F67-7C49-4386-8CAC-C59F00BC56DD}.Release|Any CPU.ActiveCfg = Release|Any CPU
		{494F9F67-7C49-4386-8CAC-C59F00BC56DD}.Release|Any CPU.Build.0 = Release|Any CPU
		{494F9F67-7C49-4386-8CAC-C59F00BC56DD}.Release|x64.ActiveCfg = Release|Any CPU
		{494F9F67-7C49-4386-8CAC-C59F00BC56DD}.Release|x64.Build.0 = Release|Any CPU
		{494F9F67-7C49-4386-8CAC-C59F00BC56DD}.Release|x86.ActiveCfg = Release|Any CPU
		{494F9F67-7C49-4386-8CAC-C59F00BC56DD}.Release|x86.Build.0 = Release|Any CPU
		{38997100-3ABE-484E-8451-3A7C8A1A5EDF}.Debug|Any CPU.ActiveCfg = Debug|Any CPU
		{38997100-3ABE-484E-8451-3A7C8A1A5EDF}.Debug|Any CPU.Build.0 = Debug|Any CPU
		{38997100-3ABE-484E-8451-3A7C8A1A5EDF}.Debug|x64.ActiveCfg = Debug|Any CPU
		{38997100-3ABE-484E-8451-3A7C8A1A5EDF}.Debug|x64.Build.0 = Debug|Any CPU
		{38997100-3ABE-484E-8451-3A7C8A1A5EDF}.Debug|x86.ActiveCfg = Debug|Any CPU
		{38997100-3ABE-484E-8451-3A7C8A1A5EDF}.Debug|x86.Build.0 = Debug|Any CPU
		{38997100-3ABE-484E-8451-3A7C8A1A5EDF}.Release|Any CPU.ActiveCfg = Release|Any CPU
		{38997100-3ABE-484E-8451-3A7C8A1A5EDF}.Release|Any CPU.Build.0 = Release|Any CPU
		{38997100-3ABE-484E-8451-3A7C8A1A5EDF}.Release|x64.ActiveCfg = Release|Any CPU
		{38997100-3ABE-484E-8451-3A7C8A1A5EDF}.Release|x64.Build.0 = Release|Any CPU
		{38997100-3ABE-484E-8451-3A7C8A1A5EDF}.Release|x86.ActiveCfg = Release|Any CPU
		{38997100-3ABE-484E-8451-3A7C8A1A5EDF}.Release|x86.Build.0 = Release|Any CPU
		{C6F6C052-0039-4C78-92C0-1F85BBAD939A}.Debug|Any CPU.ActiveCfg = Debug|Any CPU
		{C6F6C052-0039-4C78-92C0-1F85BBAD939A}.Debug|Any CPU.Build.0 = Debug|Any CPU
		{C6F6C052-0039-4C78-92C0-1F85BBAD939A}.Debug|x64.ActiveCfg = Debug|Any CPU
		{C6F6C052-0039-4C78-92C0-1F85BBAD939A}.Debug|x64.Build.0 = Debug|Any CPU
		{C6F6C052-0039-4C78-92C0-1F85BBAD939A}.Debug|x86.ActiveCfg = Debug|Any CPU
		{C6F6C052-0039-4C78-92C0-1F85BBAD939A}.Debug|x86.Build.0 = Debug|Any CPU
		{C6F6C052-0039-4C78-92C0-1F85BBAD939A}.Release|Any CPU.ActiveCfg = Release|Any CPU
		{C6F6C052-0039-4C78-92C0-1F85BBAD939A}.Release|Any CPU.Build.0 = Release|Any CPU
		{C6F6C052-0039-4C78-92C0-1F85BBAD939A}.Release|x64.ActiveCfg = Release|Any CPU
		{C6F6C052-0039-4C78-92C0-1F85BBAD939A}.Release|x64.Build.0 = Release|Any CPU
		{C6F6C052-0039-4C78-92C0-1F85BBAD939A}.Release|x86.ActiveCfg = Release|Any CPU
		{C6F6C052-0039-4C78-92C0-1F85BBAD939A}.Release|x86.Build.0 = Release|Any CPU
	EndGlobalSection
	GlobalSection(SolutionProperties) = preSolution
		HideSolutionNode = FALSE
	EndGlobalSection
	GlobalSection(NestedProjects) = preSolution
		{8F188A11-10B3-01AA-2919-022DB345ECA2} = {827E0CD3-B72D-47B6-A68D-7590B98EB39B}
		{EBA659F0-7630-465E-BB7D-8A11CD189455} = {8F188A11-10B3-01AA-2919-022DB345ECA2}
		{0EEACE25-08D4-4D5A-A2A0-3A0056ECC8A1} = {8F188A11-10B3-01AA-2919-022DB345ECA2}
		{22A636C0-0B47-4360-8AF6-03AF7912110C} = {8F188A11-10B3-01AA-2919-022DB345ECA2}
		{7E66D31C-61FA-4D4C-8D67-19ACDF210EFC} = {8F188A11-10B3-01AA-2919-022DB345ECA2}
		{F7E8D185-B49B-4E86-B46B-CA63F7C39BE6} = {8F188A11-10B3-01AA-2919-022DB345ECA2}
		{9793C7AB-E335-538C-3E0F-6DA383F34C81} = {827E0CD3-B72D-47B6-A68D-7590B98EB39B}
		{BA5B9C10-1E98-47B6-82F6-7A7655CC2528} = {9793C7AB-E335-538C-3E0F-6DA383F34C81}
		{31A21AB5-6AFE-46F7-AA63-4BDF9BD60D7B} = {9793C7AB-E335-538C-3E0F-6DA383F34C81}
		{E0BA00BC-29D1-45A0-9C3E-98BBB46E4F54} = {9793C7AB-E335-538C-3E0F-6DA383F34C81}
		{2930E43E-FBCE-47BC-BB6A-84A8FB688470} = {9793C7AB-E335-538C-3E0F-6DA383F34C81}
		{609FF8C4-A45B-4E46-AA48-671BCAE24D46} = {9793C7AB-E335-538C-3E0F-6DA383F34C81}
		{494F9F67-7C49-4386-8CAC-C59F00BC56DD} = {0AB3BF05-4346-4AA6-1389-037BE0695223}
		{38997100-3ABE-484E-8451-3A7C8A1A5EDF} = {0AB3BF05-4346-4AA6-1389-037BE0695223}
		{C6F6C052-0039-4C78-92C0-1F85BBAD939A} = {0AB3BF05-4346-4AA6-1389-037BE0695223}
	EndGlobalSection
EndGlobal
